
Microsoft Visual Studio Solution File, Format Version 12.00
# Visual Studio Version 17
VisualStudioVersion = 17.14.35906.104
MinimumVisualStudioVersion = 10.0.40219.1
Project("{FAE04EC0-301F-11D3-BF4B-00C04F79EFBC}") = "ThIDE", "ThIDE\ThIDE.csproj", "{7E5077F6-AFE2-4E53-8C67-78E8CFB7A8E1}"
EndProject
Project("{2150E333-8FDC-42A3-9474-1A3956D46DE8}") = "src", "src", "{827E0CD3-B72D-47B6-A68D-7590B98EB39B}"
EndProject
Project("{FAE04EC0-301F-11D3-BF4B-00C04F79EFBC}") = "Therion.Core", "src\Therion.Core\Therion.Core.csproj", "{010C4563-79D1-4695-A00D-28543316CB91}"
EndProject
Project("{FAE04EC0-301F-11D3-BF4B-00C04F79EFBC}") = "Therion.Processing.Abstractions", "src\Therion.Processing.Abstractions\Therion.Processing.Abstractions.csproj", "{3F4B2A8B-217D-48FC-BBC8-661ABF3CCF68}"
EndProject
Project("{FAE04EC0-301F-11D3-BF4B-00C04F79EFBC}") = "Therion.Syntax", "src\Therion.Syntax\Therion.Syntax.csproj", "{11878C90-C1CF-45A7-BF96-8DF9681E7AA7}"
EndProject
Project("{FAE04EC0-301F-11D3-BF4B-00C04F79EFBC}") = "Therion.Semantics", "src\Therion.Semantics\Therion.Semantics.csproj", "{D4751613-3B1B-46ED-9F8E-CA625F213D1B}"
EndProject
Project("{FAE04EC0-301F-11D3-BF4B-00C04F79EFBC}") = "Therion.Workspace", "src\Therion.Workspace\Therion.Workspace.csproj", "{82AEF6E9-E4ED-4231-B856-E0205B5E01CA}"
EndProject
Project("{FAE04EC0-301F-11D3-BF4B-00C04F79EFBC}") = "Therion.Build", "src\Therion.Build\Therion.Build.csproj", "{33ACFA78-B89B-499C-8739-B5838EB81040}"
EndProject
Project("{FAE04EC0-301F-11D3-BF4B-00C04F79EFBC}") = "Therion.Cli", "src\Therion.Cli\Therion.Cli.csproj", "{82CCBB2E-4D41-46C3-8A6B-210968E94E46}"
EndProject
Project("{2150E333-8FDC-42A3-9474-1A3956D46DE8}") = "tests", "tests", "{0AB3BF05-4346-4AA6-1389-037BE0695223}"
EndProject
Project("{FAE04EC0-301F-11D3-BF4B-00C04F79EFBC}") = "Therion.Syntax.Tests", "tests\Therion.Syntax.Tests\Therion.Syntax.Tests.csproj", "{FB2679C0-7819-419A-A120-C627C99CFAF3}"
EndProject
Project("{FAE04EC0-301F-11D3-BF4B-00C04F79EFBC}") = "Therion.Semantics.Tests", "tests\Therion.Semantics.Tests\Therion.Semantics.Tests.csproj", "{3D4DCDB7-27F2-479B-8B69-53A3B7B82E6A}"
EndProject
Project("{FAE04EC0-301F-11D3-BF4B-00C04F79EFBC}") = "Therion.Workspace.Tests", "tests\Therion.Workspace.Tests\Therion.Workspace.Tests.csproj", "{CDF4BB56-1240-4133-9F0A-4724484E6957}"
EndProject
Project("{FAE04EC0-301F-11D3-BF4B-00C04F79EFBC}") = "Therion.Build.Tests", "tests\Therion.Build.Tests\Therion.Build.Tests.csproj", "{177EE6E6-0E34-4234-92B6-D672D2AA76F4}"
EndProject
Project("{FAE04EC0-301F-11D3-BF4B-00C04F79EFBC}") = "ThIDE.Tests", "tests\ThIDE.Tests\ThIDE.Tests.csproj", "{738D9461-ED15-416D-9351-7EA9F5DE9B84}"
EndProject
Project("{FAE04EC0-301F-11D3-BF4B-00C04F79EFBC}") = "Therion.Lsp", "src\Therion.Lsp\Therion.Lsp.csproj", "{94C36674-7E05-4660-95E3-871C0E1DF905}"
EndProject
Project("{FAE04EC0-301F-11D3-BF4B-00C04F79EFBC}") = "Therion.Structural", "src\Therion.Structural\Therion.Structural.csproj", "{3C13B855-0568-460C-914E-66F852A2A7FA}"
EndProject
Project("{FAE04EC0-301F-11D3-BF4B-00C04F79EFBC}") = "Therion.Structural.Tests", "tests\Therion.Structural.Tests\Therion.Structural.Tests.csproj", "{721AA693-4301-4E0C-B754-BF2921D0D284}"
EndProject
Project("{2150E333-8FDC-42A3-9474-1A3956D46DE8}") = "benchmarks", "benchmarks", "{66320409-64EC-F7C5-3DEF-65E7510DAAD1}"
EndProject
Project("{FAE04EC0-301F-11D3-BF4B-00C04F79EFBC}") = "Therion.Benchmarks", "benchmarks\Therion.Benchmarks\Therion.Benchmarks.csproj", "{0995568F-71CF-4A44-BDDE-BF3F47792B64}"
EndProject
Project("{FAE04EC0-301F-11D3-BF4B-00C04F79EFBC}") = "Therion.Mcp", "src\Therion.Mcp\Therion.Mcp.csproj", "{434ABD3C-21DC-4B5F-9B60-DF85629C9DCD}"
EndProject
Project("{FAE04EC0-301F-11D3-BF4B-00C04F79EFBC}") = "Therion.Mcp.Server", "src\Therion.Mcp.Server\Therion.Mcp.Server.csproj", "{A6069C08-D0D0-404B-8829-7DE85CAEA514}"
EndProject
Project("{FAE04EC0-301F-11D3-BF4B-00C04F79EFBC}") = "Therion.Mcp.Tests", "tests\Therion.Mcp.Tests\Therion.Mcp.Tests.csproj", "{E0666733-F52A-430F-B651-D18F386FC2B6}"
EndProject
Project("{FAE04EC0-301F-11D3-BF4B-00C04F79EFBC}") = "Therion.Mcp.Evals", "src\Therion.Mcp.Evals\Therion.Mcp.Evals.csproj", "{84E0F0EE-B6DA-44DD-9D71-55DA4598EF2E}"
EndProject
Global
	GlobalSection(SolutionConfigurationPlatforms) = preSolution
		Debug|Any CPU = Debug|Any CPU
		Debug|x64 = Debug|x64
		Debug|x86 = Debug|x86
		Release|Any CPU = Release|Any CPU
		Release|x64 = Release|x64
		Release|x86 = Release|x86
	EndGlobalSection
	GlobalSection(ProjectConfigurationPlatforms) = postSolution
		{7E5077F6-AFE2-4E53-8C67-78E8CFB7A8E1}.Debug|Any CPU.ActiveCfg = Debug|Any CPU
		{7E5077F6-AFE2-4E53-8C67-78E8CFB7A8E1}.Debug|Any CPU.Build.0 = Debug|Any CPU
		{7E5077F6-AFE2-4E53-8C67-78E8CFB7A8E1}.Debug|x64.ActiveCfg = Debug|Any CPU
		{7E5077F6-AFE2-4E53-8C67-78E8CFB7A8E1}.Debug|x64.Build.0 = Debug|Any CPU
		{7E5077F6-AFE2-4E53-8C67-78E8CFB7A8E1}.Debug|x86.ActiveCfg = Debug|Any CPU
		{7E5077F6-AFE2-4E53-8C67-78E8CFB7A8E1}.Debug|x86.Build.0 = Debug|Any CPU
		{7E5077F6-AFE2-4E53-8C67-78E8CFB7A8E1}.Release|Any CPU.ActiveCfg = Release|Any CPU
		{7E5077F6-AFE2-4E53-8C67-78E8CFB7A8E1}.Release|Any CPU.Build.0 = Release|Any CPU
		{7E5077F6-AFE2-4E53-8C67-78E8CFB7A8E1}.Release|x64.ActiveCfg = Release|Any CPU
		{7E5077F6-AFE2-4E53-8C67-78E8CFB7A8E1}.Release|x64.Build.0 = Release|Any CPU
		{7E5077F6-AFE2-4E53-8C67-78E8CFB7A8E1}.Release|x86.ActiveCfg = Release|Any CPU
		{7E5077F6-AFE2-4E53-8C67-78E8CFB7A8E1}.Release|x86.Build.0 = Release|Any CPU
		{010C4563-79D1-4695-A00D-28543316CB91}.Debug|Any CPU.ActiveCfg = Debug|Any CPU
		{010C4563-79D1-4695-A00D-28543316CB91}.Debug|Any CPU.Build.0 = Debug|Any CPU
		{010C4563-79D1-4695-A00D-28543316CB91}.Debug|x64.ActiveCfg = Debug|Any CPU
		{010C4563-79D1-4695-A00D-28543316CB91}.Debug|x64.Build.0 = Debug|Any CPU
		{010C4563-79D1-4695-A00D-28543316CB91}.Debug|x86.ActiveCfg = Debug|Any CPU
		{010C4563-79D1-4695-A00D-28543316CB91}.Debug|x86.Build.0 = Debug|Any CPU
		{010C4563-79D1-4695-A00D-28543316CB91}.Release|Any CPU.ActiveCfg = Release|Any CPU
		{010C4563-79D1-4695-A00D-28543316CB91}.Release|Any CPU.Build.0 = Release|Any CPU
		{010C4563-79D1-4695-A00D-28543316CB91}.Release|x64.ActiveCfg = Release|Any CPU
		{010C4563-79D1-4695-A00D-28543316CB91}.Release|x64.Build.0 = Release|Any CPU
		{010C4563-79D1-4695-A00D-28543316CB91}.Release|x86.ActiveCfg = Release|Any CPU
		{010C4563-79D1-4695-A00D-28543316CB91}.Release|x86.Build.0 = Release|Any CPU
		{3F4B2A8B-217D-48FC-BBC8-661ABF3CCF68}.Debug|Any CPU.ActiveCfg = Debug|Any CPU
		{3F4B2A8B-217D-48FC-BBC8-661ABF3CCF68}.Debug|Any CPU.Build.0 = Debug|Any CPU
		{3F4B2A8B-217D-48FC-BBC8-661ABF3CCF68}.Debug|x64.ActiveCfg = Debug|Any CPU
		{3F4B2A8B-217D-48FC-BBC8-661ABF3CCF68}.Debug|x64.Build.0 = Debug|Any CPU
		{3F4B2A8B-217D-48FC-BBC8-661ABF3CCF68}.Debug|x86.ActiveCfg = Debug|Any CPU
		{3F4B2A8B-217D-48FC-BBC8-661ABF3CCF68}.Debug|x86.Build.0 = Debug|Any CPU
		{3F4B2A8B-217D-48FC-BBC8-661ABF3CCF68}.Release|Any CPU.ActiveCfg = Release|Any CPU
		{3F4B2A8B-217D-48FC-BBC8-661ABF3CCF68}.Release|Any CPU.Build.0 = Release|Any CPU
		{3F4B2A8B-217D-48FC-BBC8-661ABF3CCF68}.Release|x64.ActiveCfg = Release|Any CPU
		{3F4B2A8B-217D-48FC-BBC8-661ABF3CCF68}.Release|x64.Build.0 = Release|Any CPU
		{3F4B2A8B-217D-48FC-BBC8-661ABF3CCF68}.Release|x86.ActiveCfg = Release|Any CPU
		{3F4B2A8B-217D-48FC-BBC8-661ABF3CCF68}.Release|x86.Build.0 = Release|Any CPU
		{11878C90-C1CF-45A7-BF96-8DF9681E7AA7}.Debug|Any CPU.ActiveCfg = Debug|Any CPU
		{11878C90-C1CF-45A7-BF96-8DF9681E7AA7}.Debug|Any CPU.Build.0 = Debug|Any CPU
		{11878C90-C1CF-45A7-BF96-8DF9681E7AA7}.Debug|x64.ActiveCfg = Debug|Any CPU
		{11878C90-C1CF-45A7-BF96-8DF9681E7AA7}.Debug|x64.Build.0 = Debug|Any CPU
		{11878C90-C1CF-45A7-BF96-8DF9681E7AA7}.Debug|x86.ActiveCfg = Debug|Any CPU
		{11878C90-C1CF-45A7-BF96-8DF9681E7AA7}.Debug|x86.Build.0 = Debug|Any CPU
		{11878C90-C1CF-45A7-BF96-8DF9681E7AA7}.Release|Any CPU.ActiveCfg = Release|Any CPU
		{11878C90-C1CF-45A7-BF96-8DF9681E7AA7}.Release|Any CPU.Build.0 = Release|Any CPU
		{11878C90-C1CF-45A7-BF96-8DF9681E7AA7}.Release|x64.ActiveCfg = Release|Any CPU
		{11878C90-C1CF-45A7-BF96-8DF9681E7AA7}.Release|x64.Build.0 = Release|Any CPU
		{11878C90-C1CF-45A7-BF96-8DF9681E7AA7}.Release|x86.ActiveCfg = Release|Any CPU
		{11878C90-C1CF-45A7-BF96-8DF9681E7AA7}.Release|x86.Build.0 = Release|Any CPU
		{D4751613-3B1B-46ED-9F8E-CA625F213D1B}.Debug|Any CPU.ActiveCfg = Debug|Any CPU
		{D4751613-3B1B-46ED-9F8E-CA625F213D1B}.Debug|Any CPU.Build.0 = Debug|Any CPU
		{D4751613-3B1B-46ED-9F8E-CA625F213D1B}.Debug|x64.ActiveCfg = Debug|Any CPU
		{D4751613-3B1B-46ED-9F8E-CA625F213D1B}.Debug|x64.Build.0 = Debug|Any CPU
		{D4751613-3B1B-46ED-9F8E-CA625F213D1B}.Debug|x86.ActiveCfg = Debug|Any CPU
		{D4751613-3B1B-46ED-9F8E-CA625F213D1B}.Debug|x86.Build.0 = Debug|Any CPU
		{D4751613-3B1B-46ED-9F8E-CA625F213D1B}.Release|Any CPU.ActiveCfg = Release|Any CPU
		{D4751613-3B1B-46ED-9F8E-CA625F213D1B}.Release|Any CPU.Build.0 = Release|Any CPU
		{D4751613-3B1B-46ED-9F8E-CA625F213D1B}.Release|x64.ActiveCfg = Release|Any CPU
		{D4751613-3B1B-46ED-9F8E-CA625F213D1B}.Release|x64.Build.0 = Release|Any CPU
		{D4751613-3B1B-46ED-9F8E-CA625F213D1B}.Release|x86.ActiveCfg = Release|Any CPU
		{D4751613-3B1B-46ED-9F8E-CA625F213D1B}.Release|x86.Build.0 = Release|Any CPU
		{82AEF6E9-E4ED-4231-B856-E0205B5E01CA}.Debug|Any CPU.ActiveCfg = Debug|Any CPU
		{82AEF6E9-E4ED-4231-B856-E0205B5E01CA}.Debug|Any CPU.Build.0 = Debug|Any CPU
		{82AEF6E9-E4ED-4231-B856-E0205B5E01CA}.Debug|x64.ActiveCfg = Debug|Any CPU
		{82AEF6E9-E4ED-4231-B856-E0205B5E01CA}.Debug|x64.Build.0 = Debug|Any CPU
		{82AEF6E9-E4ED-4231-B856-E0205B5E01CA}.Debug|x86.ActiveCfg = Debug|Any CPU
		{82AEF6E9-E4ED-4231-B856-E0205B5E01CA}.Debug|x86.Build.0 = Debug|Any CPU
		{82AEF6E9-E4ED-4231-B856-E0205B5E01CA}.Release|Any CPU.ActiveCfg = Release|Any CPU
		{82AEF6E9-E4ED-4231-B856-E0205B5E01CA}.Release|Any CPU.Build.0 = Release|Any CPU
		{82AEF6E9-E4ED-4231-B856-E0205B5E01CA}.Release|x64.ActiveCfg = Release|Any CPU
		{82AEF6E9-E4ED-4231-B856-E0205B5E01CA}.Release|x64.Build.0 = Release|Any CPU
		{82AEF6E9-E4ED-4231-B856-E0205B5E01CA}.Release|x86.ActiveCfg = Release|Any CPU
		{82AEF6E9-E4ED-4231-B856-E0205B5E01CA}.Release|x86.Build.0 = Release|Any CPU
		{33ACFA78-B89B-499C-8739-B5838EB81040}.Debug|Any CPU.ActiveCfg = Debug|Any CPU
		{33ACFA78-B89B-499C-8739-B5838EB81040}.Debug|Any CPU.Build.0 = Debug|Any CPU
		{33ACFA78-B89B-499C-8739-B5838EB81040}.Debug|x64.ActiveCfg = Debug|Any CPU
		{33ACFA78-B89B-499C-8739-B5838EB81040}.Debug|x64.Build.0 = Debug|Any CPU
		{33ACFA78-B89B-499C-8739-B5838EB81040}.Debug|x86.ActiveCfg = Debug|Any CPU
		{33ACFA78-B89B-499C-8739-B5838EB81040}.Debug|x86.Build.0 = Debug|Any CPU
		{33ACFA78-B89B-499C-8739-B5838EB81040}.Release|Any CPU.ActiveCfg = Release|Any CPU
		{33ACFA78-B89B-499C-8739-B5838EB81040}.Release|Any CPU.Build.0 = Release|Any CPU
		{33ACFA78-B89B-499C-8739-B5838EB81040}.Release|x64.ActiveCfg = Release|Any CPU
		{33ACFA78-B89B-499C-8739-B5838EB81040}.Release|x64.Build.0 = Release|Any CPU
		{33ACFA78-B89B-499C-8739-B5838EB81040}.Release|x86.ActiveCfg = Release|Any CPU
		{33ACFA78-B89B-499C-8739-B5838EB81040}.Release|x86.Build.0 = Release|Any CPU
		{82CCBB2E-4D41-46C3-8A6B-210968E94E46}.Debug|Any CPU.ActiveCfg = Debug|Any CPU
		{82CCBB2E-4D41-46C3-8A6B-210968E94E46}.Debug|Any CPU.Build.0 = Debug|Any CPU
		{82CCBB2E-4D41-46C3-8A6B-210968E94E46}.Debug|x64.ActiveCfg = Debug|Any CPU
		{82CCBB2E-4D41-46C3-8A6B-210968E94E46}.Debug|x64.Build.0 = Debug|Any CPU
		{82CCBB2E-4D41-46C3-8A6B-210968E94E46}.Debug|x86.ActiveCfg = Debug|Any CPU
		{82CCBB2E-4D41-46C3-8A6B-210968E94E46}.Debug|x86.Build.0 = Debug|Any CPU
		{82CCBB2E-4D41-46C3-8A6B-210968E94E46}.Release|Any CPU.ActiveCfg = Release|Any CPU
		{82CCBB2E-4D41-46C3-8A6B-210968E94E46}.Release|Any CPU.Build.0 = Release|Any CPU
		{82CCBB2E-4D41-46C3-8A6B-210968E94E46}.Release|x64.ActiveCfg = Release|Any CPU
		{82CCBB2E-4D41-46C3-8A6B-210968E94E46}.Release|x64.Build.0 = Release|Any CPU
		{82CCBB2E-4D41-46C3-8A6B-210968E94E46}.Release|x86.ActiveCfg = Release|Any CPU
		{82CCBB2E-4D41-46C3-8A6B-210968E94E46}.Release|x86.Build.0 = Release|Any CPU
		{FB2679C0-7819-419A-A120-C627C99CFAF3}.Debug|Any CPU.ActiveCfg = Debug|Any CPU
		{FB2679C0-7819-419A-A120-C627C99CFAF3}.Debug|Any CPU.Build.0 = Debug|Any CPU
		{FB2679C0-7819-419A-A120-C627C99CFAF3}.Debug|x64.ActiveCfg = Debug|Any CPU
		{FB2679C0-7819-419A-A120-C627C99CFAF3}.Debug|x64.Build.0 = Debug|Any CPU
		{FB2679C0-7819-419A-A120-C627C99CFAF3}.Debug|x86.ActiveCfg = Debug|Any CPU
		{FB2679C0-7819-419A-A120-C627C99CFAF3}.Debug|x86.Build.0 = Debug|Any CPU
		{FB2679C0-7819-419A-A120-C627C99CFAF3}.Release|Any CPU.ActiveCfg = Release|Any CPU
		{FB2679C0-7819-419A-A120-C627C99CFAF3}.Release|Any CPU.Build.0 = Release|Any CPU
		{FB2679C0-7819-419A-A120-C627C99CFAF3}.Release|x64.ActiveCfg = Release|Any CPU
		{FB2679C0-7819-419A-A120-C627C99CFAF3}.Release|x64.Build.0 = Release|Any CPU
		{FB2679C0-7819-419A-A120-C627C99CFAF3}.Release|x86.ActiveCfg = Release|Any CPU
		{FB2679C0-7819-419A-A120-C627C99CFAF3}.Release|x86.Build.0 = Release|Any CPU
		{3D4DCDB7-27F2-479B-8B69-53A3B7B82E6A}.Debug|Any CPU.ActiveCfg = Debug|Any CPU
		{3D4DCDB7-27F2-479B-8B69-53A3B7B82E6A}.Debug|Any CPU.Build.0 = Debug|Any CPU
		{3D4DCDB7-27F2-479B-8B69-53A3B7B82E6A}.Debug|x64.ActiveCfg = Debug|Any CPU
		{3D4DCDB7-27F2-479B-8B69-53A3B7B82E6A}.Debug|x64.Build.0 = Debug|Any CPU
		{3D4DCDB7-27F2-479B-8B69-53A3B7B82E6A}.Debug|x86.ActiveCfg = Debug|Any CPU
		{3D4DCDB7-27F2-479B-8B69-53A3B7B82E6A}.Debug|x86.Build.0 = Debug|Any CPU
		{3D4DCDB7-27F2-479B-8B69-53A3B7B82E6A}.Release|Any CPU.ActiveCfg = Release|Any CPU
		{3D4DCDB7-27F2-479B-8B69-53A3B7B82E6A}.Release|Any CPU.Build.0 = Release|Any CPU
		{3D4DCDB7-27F2-479B-8B69-53A3B7B82E6A}.Release|x64.ActiveCfg = Release|Any CPU
		{3D4DCDB7-27F2-479B-8B69-53A3B7B82E6A}.Release|x64.Build.0 = Release|Any CPU
		{3D4DCDB7-27F2-479B-8B69-53A3B7B82E6A}.Release|x86.ActiveCfg = Release|Any CPU
		{3D4DCDB7-27F2-479B-8B69-53A3B7B82E6A}.Release|x86.Build.0 = Release|Any CPU
		{CDF4BB56-1240-4133-9F0A-4724484E6957}.Debug|Any CPU.ActiveCfg = Debug|Any CPU
		{CDF4BB56-1240-4133-9F0A-4724484E6957}.Debug|Any CPU.Build.0 = Debug|Any CPU
		{CDF4BB56-1240-4133-9F0A-4724484E6957}.Debug|x64.ActiveCfg = Debug|Any CPU
		{CDF4BB56-1240-4133-9F0A-4724484E6957}.Debug|x64.Build.0 = Debug|Any CPU
		{CDF4BB56-1240-4133-9F0A-4724484E6957}.Debug|x86.ActiveCfg = Debug|Any CPU
		{CDF4BB56-1240-4133-9F0A-4724484E6957}.Debug|x86.Build.0 = Debug|Any CPU
		{CDF4BB56-1240-4133-9F0A-4724484E6957}.Release|Any CPU.ActiveCfg = Release|Any CPU
		{CDF4BB56-1240-4133-9F0A-4724484E6957}.Release|Any CPU.Build.0 = Release|Any CPU
		{CDF4BB56-1240-4133-9F0A-4724484E6957}.Release|x64.ActiveCfg = Release|Any CPU
		{CDF4BB56-1240-4133-9F0A-4724484E6957}.Release|x64.Build.0 = Release|Any CPU
		{CDF4BB56-1240-4133-9F0A-4724484E6957}.Release|x86.ActiveCfg = Release|Any CPU
		{CDF4BB56-1240-4133-9F0A-4724484E6957}.Release|x86.Build.0 = Release|Any CPU
		{177EE6E6-0E34-4234-92B6-D672D2AA76F4}.Debug|Any CPU.ActiveCfg = Debug|Any CPU
		{177EE6E6-0E34-4234-92B6-D672D2AA76F4}.Debug|Any CPU.Build.0 = Debug|Any CPU
		{177EE6E6-0E34-4234-92B6-D672D2AA76F4}.Debug|x64.ActiveCfg = Debug|Any CPU
		{177EE6E6-0E34-4234-92B6-D672D2AA76F4}.Debug|x64.Build.0 = Debug|Any CPU
		{177EE6E6-0E34-4234-92B6-D672D2AA76F4}.Debug|x86.ActiveCfg = Debug|Any CPU
		{177EE6E6-0E34-4234-92B6-D672D2AA76F4}.Debug|x86.Build.0 = Debug|Any CPU
		{177EE6E6-0E34-4234-92B6-D672D2AA76F4}.Release|Any CPU.ActiveCfg = Release|Any CPU
		{177EE6E6-0E34-4234-92B6-D672D2AA76F4}.Release|Any CPU.Build.0 = Release|Any CPU
		{177EE6E6-0E34-4234-92B6-D672D2AA76F4}.Release|x64.ActiveCfg = Release|Any CPU
		{177EE6E6-0E34-4234-92B6-D672D2AA76F4}.Release|x64.Build.0 = Release|Any CPU
		{177EE6E6-0E34-4234-92B6-D672D2AA76F4}.Release|x86.ActiveCfg = Release|Any CPU
		{177EE6E6-0E34-4234-92B6-D672D2AA76F4}.Release|x86.Build.0 = Release|Any CPU
		{738D9461-ED15-416D-9351-7EA9F5DE9B84}.Debug|Any CPU.ActiveCfg = Debug|Any CPU
		{738D9461-ED15-416D-9351-7EA9F5DE9B84}.Debug|Any CPU.Build.0 = Debug|Any CPU
		{738D9461-ED15-416D-9351-7EA9F5DE9B84}.Debug|x64.ActiveCfg = Debug|Any CPU
		{738D9461-ED15-416D-9351-7EA9F5DE9B84}.Debug|x64.Build.0 = Debug|Any CPU
		{738D9461-ED15-416D-9351-7EA9F5DE9B84}.Debug|x86.ActiveCfg = Debug|Any CPU
		{738D9461-ED15-416D-9351-7EA9F5DE9B84}.Debug|x86.Build.0 = Debug|Any CPU
		{738D9461-ED15-416D-9351-7EA9F5DE9B84}.Release|Any CPU.ActiveCfg = Release|Any CPU
		{738D9461-ED15-416D-9351-7EA9F5DE9B84}.Release|Any CPU.Build.0 = Release|Any CPU
		{738D9461-ED15-416D-9351-7EA9F5DE9B84}.Release|x64.ActiveCfg = Release|Any CPU
		{738D9461-ED15-416D-9351-7EA9F5DE9B84}.Release|x64.Build.0 = Release|Any CPU
		{738D9461-ED15-416D-9351-7EA9F5DE9B84}.Release|x86.ActiveCfg = Release|Any CPU
		{738D9461-ED15-416D-9351-7EA9F5DE9B84}.Release|x86.Build.0 = Release|Any CPU
		{94C36674-7E05-4660-95E3-871C0E1DF905}.Debug|Any CPU.ActiveCfg = Debug|Any CPU
		{94C36674-7E05-4660-95E3-871C0E1DF905}.Debug|Any CPU.Build.0 = Debug|Any CPU
		{94C36674-7E05-4660-95E3-871C0E1DF905}.Debug|x64.ActiveCfg = Debug|Any CPU
		{94C36674-7E05-4660-95E3-871C0E1DF905}.Debug|x64.Build.0 = Debug|Any CPU
		{94C36674-7E05-4660-95E3-871C0E1DF905}.Debug|x86.ActiveCfg = Debug|Any CPU
		{94C36674-7E05-4660-95E3-871C0E1DF905}.Debug|x86.Build.0 = Debug|Any CPU
		{94C36674-7E05-4660-95E3-871C0E1DF905}.Release|Any CPU.ActiveCfg = Release|Any CPU
		{94C36674-7E05-4660-95E3-871C0E1DF905}.Release|Any CPU.Build.0 = Release|Any CPU
		{94C36674-7E05-4660-95E3-871C0E1DF905}.Release|x64.ActiveCfg = Release|Any CPU
		{94C36674-7E05-4660-95E3-871C0E1DF905}.Release|x64.Build.0 = Release|Any CPU
		{94C36674-7E05-4660-95E3-871C0E1DF905}.Release|x86.ActiveCfg = Release|Any CPU
		{94C36674-7E05-4660-95E3-871C0E1DF905}.Release|x86.Build.0 = Release|Any CPU
		{3C13B855-0568-460C-914E-66F852A2A7FA}.Debug|Any CPU.ActiveCfg = Debug|Any CPU
		{3C13B855-0568-460C-914E-66F852A2A7FA}.Debug|Any CPU.Build.0 = Debug|Any CPU
		{3C13B855-0568-460C-914E-66F852A2A7FA}.Debug|x64.ActiveCfg = Debug|Any CPU
		{3C13B855-0568-460C-914E-66F852A2A7FA}.Debug|x64.Build.0 = Debug|Any CPU
		{3C13B855-0568-460C-914E-66F852A2A7FA}.Debug|x86.ActiveCfg = Debug|Any CPU
		{3C13B855-0568-460C-914E-66F852A2A7FA}.Debug|x86.Build.0 = Debug|Any CPU
		{3C13B855-0568-460C-914E-66F852A2A7FA}.Release|Any CPU.ActiveCfg = Release|Any CPU
		{3C13B855-0568-460C-914E-66F852A2A7FA}.Release|Any CPU.Build.0 = Release|Any CPU
		{3C13B855-0568-460C-914E-66F852A2A7FA}.Release|x64.ActiveCfg = Release|Any CPU
		{3C13B855-0568-460C-914E-66F852A2A7FA}.Release|x64.Build.0 = Release|Any CPU
		{3C13B855-0568-460C-914E-66F852A2A7FA}.Release|x86.ActiveCfg = Release|Any CPU
		{3C13B855-0568-460C-914E-66F852A2A7FA}.Release|x86.Build.0 = Release|Any CPU
		{721AA693-4301-4E0C-B754-BF2921D0D284}.Debug|Any CPU.ActiveCfg = Debug|Any CPU
		{721AA693-4301-4E0C-B754-BF2921D0D284}.Debug|Any CPU.Build.0 = Debug|Any CPU
		{721AA693-4301-4E0C-B754-BF2921D0D284}.Debug|x64.ActiveCfg = Debug|Any CPU
		{721AA693-4301-4E0C-B754-BF2921D0D284}.Debug|x64.Build.0 = Debug|Any CPU
		{721AA693-4301-4E0C-B754-BF2921D0D284}.Debug|x86.ActiveCfg = Debug|Any CPU
		{721AA693-4301-4E0C-B754-BF2921D0D284}.Debug|x86.Build.0 = Debug|Any CPU
		{721AA693-4301-4E0C-B754-BF2921D0D284}.Release|Any CPU.ActiveCfg = Release|Any CPU
		{721AA693-4301-4E0C-B754-BF2921D0D284}.Release|Any CPU.Build.0 = Release|Any CPU
		{721AA693-4301-4E0C-B754-BF2921D0D284}.Release|x64.ActiveCfg = Release|Any CPU
		{721AA693-4301-4E0C-B754-BF2921D0D284}.Release|x64.Build.0 = Release|Any CPU
		{721AA693-4301-4E0C-B754-BF2921D0D284}.Release|x86.ActiveCfg = Release|Any CPU
		{721AA693-4301-4E0C-B754-BF2921D0D284}.Release|x86.Build.0 = Release|Any CPU
		{0995568F-71CF-4A44-BDDE-BF3F47792B64}.Debug|Any CPU.ActiveCfg = Debug|Any CPU
		{0995568F-71CF-4A44-BDDE-BF3F47792B64}.Debug|Any CPU.Build.0 = Debug|Any CPU
		{0995568F-71CF-4A44-BDDE-BF3F47792B64}.Debug|x64.ActiveCfg = Debug|Any CPU
		{0995568F-71CF-4A44-BDDE-BF3F47792B64}.Debug|x64.Build.0 = Debug|Any CPU
		{0995568F-71CF-4A44-BDDE-BF3F47792B64}.Debug|x86.ActiveCfg = Debug|Any CPU
		{0995568F-71CF-4A44-BDDE-BF3F47792B64}.Debug|x86.Build.0 = Debug|Any CPU
		{0995568F-71CF-4A44-BDDE-BF3F47792B64}.Release|Any CPU.ActiveCfg = Release|Any CPU
		{0995568F-71CF-4A44-BDDE-BF3F47792B64}.Release|Any CPU.Build.0 = Release|Any CPU
		{0995568F-71CF-4A44-BDDE-BF3F47792B64}.Release|x64.ActiveCfg = Release|Any CPU
		{0995568F-71CF-4A44-BDDE-BF3F47792B64}.Release|x64.Build.0 = Release|Any CPU
		{0995568F-71CF-4A44-BDDE-BF3F47792B64}.Release|x86.ActiveCfg = Release|Any CPU
		{0995568F-71CF-4A44-BDDE-BF3F47792B64}.Release|x86.Build.0 = Release|Any CPU
		{434ABD3C-21DC-4B5F-9B60-DF85629C9DCD}.Debug|Any CPU.ActiveCfg = Debug|Any CPU
		{434ABD3C-21DC-4B5F-9B60-DF85629C9DCD}.Debug|Any CPU.Build.0 = Debug|Any CPU
		{434ABD3C-21DC-4B5F-9B60-DF85629C9DCD}.Debug|x64.ActiveCfg = Debug|Any CPU
		{434ABD3C-21DC-4B5F-9B60-DF85629C9DCD}.Debug|x64.Build.0 = Debug|Any CPU
		{434ABD3C-21DC-4B5F-9B60-DF85629C9DCD}.Debug|x86.ActiveCfg = Debug|Any CPU
		{434ABD3C-21DC-4B5F-9B60-DF85629C9DCD}.Debug|x86.Build.0 = Debug|Any CPU
		{434ABD3C-21DC-4B5F-9B60-DF85629C9DCD}.Release|Any CPU.ActiveCfg = Release|Any CPU
		{434ABD3C-21DC-4B5F-9B60-DF85629C9DCD}.Release|Any CPU.Build.0 = Release|Any CPU
		{434ABD3C-21DC-4B5F-9B60-DF85629C9DCD}.Release|x64.ActiveCfg = Release|Any CPU
		{434ABD3C-21DC-4B5F-9B60-DF85629C9DCD}.Release|x64.Build.0 = Release|Any CPU
		{434ABD3C-21DC-4B5F-9B60-DF85629C9DCD}.Release|x86.ActiveCfg = Release|Any CPU
		{434ABD3C-21DC-4B5F-9B60-DF85629C9DCD}.Release|x86.Build.0 = Release|Any CPU
		{A6069C08-D0D0-404B-8829-7DE85CAEA514}.Debug|Any CPU.ActiveCfg = Debug|Any CPU
		{A6069C08-D0D0-404B-8829-7DE85CAEA514}.Debug|Any CPU.Build.0 = Debug|Any CPU
		{A6069C08-D0D0-404B-8829-7DE85CAEA514}.Debug|x64.ActiveCfg = Debug|Any CPU
		{A6069C08-D0D0-404B-8829-7DE85CAEA514}.Debug|x64.Build.0 = Debug|Any CPU
		{A6069C08-D0D0-404B-8829-7DE85CAEA514}.Debug|x86.ActiveCfg = Debug|Any CPU
		{A6069C08-D0D0-404B-8829-7DE85CAEA514}.Debug|x86.Build.0 = Debug|Any CPU
		{A6069C08-D0D0-404B-8829-7DE85CAEA514}.Release|Any CPU.ActiveCfg = Release|Any CPU
		{A6069C08-D0D0-404B-8829-7DE85CAEA514}.Release|Any CPU.Build.0 = Release|Any CPU
		{A6069C08-D0D0-404B-8829-7DE85CAEA514}.Release|x64.ActiveCfg = Release|Any CPU
		{A6069C08-D0D0-404B-8829-7DE85CAEA514}.Release|x64.Build.0 = Release|Any CPU
		{A6069C08-D0D0-404B-8829-7DE85CAEA514}.Release|x86.ActiveCfg = Release|Any CPU
		{A6069C08-D0D0-404B-8829-7DE85CAEA514}.Release|x86.Build.0 = Release|Any CPU
		{E0666733-F52A-430F-B651-D18F386FC2B6}.Debug|Any CPU.ActiveCfg = Debug|Any CPU
		{E0666733-F52A-430F-B651-D18F386FC2B6}.Debug|Any CPU.Build.0 = Debug|Any CPU
		{E0666733-F52A-430F-B651-D18F386FC2B6}.Debug|x64.ActiveCfg = Debug|Any CPU
		{E0666733-F52A-430F-B651-D18F386FC2B6}.Debug|x64.Build.0 = Debug|Any CPU
		{E0666733-F52A-430F-B651-D18F386FC2B6}.Debug|x86.ActiveCfg = Debug|Any CPU
		{E0666733-F52A-430F-B651-D18F386FC2B6}.Debug|x86.Build.0 = Debug|Any CPU
		{E0666733-F52A-430F-B651-D18F386FC2B6}.Release|Any CPU.ActiveCfg = Release|Any CPU
		{E0666733-F52A-430F-B651-D18F386FC2B6}.Release|Any CPU.Build.0 = Release|Any CPU
		{E0666733-F52A-430F-B651-D18F386FC2B6}.Release|x64.ActiveCfg = Release|Any CPU
		{E0666733-F52A-430F-B651-D18F386FC2B6}.Release|x64.Build.0 = Release|Any CPU
		{E0666733-F52A-430F-B651-D18F386FC2B6}.Release|x86.ActiveCfg = Release|Any CPU
		{E0666733-F52A-430F-B651-D18F386FC2B6}.Release|x86.Build.0 = Release|Any CPU
		{84E0F0EE-B6DA-44DD-9D71-55DA4598EF2E}.Debug|Any CPU.ActiveCfg = Debug|Any CPU
		{84E0F0EE-B6DA-44DD-9D71-55DA4598EF2E}.Debug|Any CPU.Build.0 = Debug|Any CPU
		{84E0F0EE-B6DA-44DD-9D71-55DA4598EF2E}.Debug|x64.ActiveCfg = Debug|Any CPU
		{84E0F0EE-B6DA-44DD-9D71-55DA4598EF2E}.Debug|x64.Build.0 = Debug|Any CPU
		{84E0F0EE-B6DA-44DD-9D71-55DA4598EF2E}.Debug|x86.ActiveCfg = Debug|Any CPU
		{84E0F0EE-B6DA-44DD-9D71-55DA4598EF2E}.Debug|x86.Build.0 = Debug|Any CPU
		{84E0F0EE-B6DA-44DD-9D71-55DA4598EF2E}.Release|Any CPU.ActiveCfg = Release|Any CPU
		{84E0F0EE-B6DA-44DD-9D71-55DA4598EF2E}.Release|Any CPU.Build.0 = Release|Any CPU
		{84E0F0EE-B6DA-44DD-9D71-55DA4598EF2E}.Release|x64.ActiveCfg = Release|Any CPU
		{84E0F0EE-B6DA-44DD-9D71-55DA4598EF2E}.Release|x64.Build.0 = Release|Any CPU
		{84E0F0EE-B6DA-44DD-9D71-55DA4598EF2E}.Release|x86.ActiveCfg = Release|Any CPU
		{84E0F0EE-B6DA-44DD-9D71-55DA4598EF2E}.Release|x86.Build.0 = Release|Any CPU
	EndGlobalSection
	GlobalSection(SolutionProperties) = preSolution
		HideSolutionNode = FALSE
	EndGlobalSection
	GlobalSection(NestedProjects) = preSolution
		{010C4563-79D1-4695-A00D-28543316CB91} = {827E0CD3-B72D-47B6-A68D-7590B98EB39B}
		{3F4B2A8B-217D-48FC-BBC8-661ABF3CCF68} = {827E0CD3-B72D-47B6-A68D-7590B98EB39B}
		{11878C90-C1CF-45A7-BF96-8DF9681E7AA7} = {827E0CD3-B72D-47B6-A68D-7590B98EB39B}
		{D4751613-3B1B-46ED-9F8E-CA625F213D1B} = {827E0CD3-B72D-47B6-A68D-7590B98EB39B}
		{82AEF6E9-E4ED-4231-B856-E0205B5E01CA} = {827E0CD3-B72D-47B6-A68D-7590B98EB39B}
		{33ACFA78-B89B-499C-8739-B5838EB81040} = {827E0CD3-B72D-47B6-A68D-7590B98EB39B}
		{82CCBB2E-4D41-46C3-8A6B-210968E94E46} = {827E0CD3-B72D-47B6-A68D-7590B98EB39B}
		{FB2679C0-7819-419A-A120-C627C99CFAF3} = {0AB3BF05-4346-4AA6-1389-037BE0695223}
		{3D4DCDB7-27F2-479B-8B69-53A3B7B82E6A} = {0AB3BF05-4346-4AA6-1389-037BE0695223}
		{CDF4BB56-1240-4133-9F0A-4724484E6957} = {0AB3BF05-4346-4AA6-1389-037BE0695223}
		{177EE6E6-0E34-4234-92B6-D672D2AA76F4} = {0AB3BF05-4346-4AA6-1389-037BE0695223}
		{738D9461-ED15-416D-9351-7EA9F5DE9B84} = {0AB3BF05-4346-4AA6-1389-037BE0695223}
		{94C36674-7E05-4660-95E3-871C0E1DF905} = {827E0CD3-B72D-47B6-A68D-7590B98EB39B}
		{3C13B855-0568-460C-914E-66F852A2A7FA} = {827E0CD3-B72D-47B6-A68D-7590B98EB39B}
		{721AA693-4301-4E0C-B754-BF2921D0D284} = {0AB3BF05-4346-4AA6-1389-037BE0695223}
		{0995568F-71CF-4A44-BDDE-BF3F47792B64} = {66320409-64EC-F7C5-3DEF-65E7510DAAD1}
		{434ABD3C-21DC-4B5F-9B60-DF85629C9DCD} = {827E0CD3-B72D-47B6-A68D-7590B98EB39B}
		{A6069C08-D0D0-404B-8829-7DE85CAEA514} = {827E0CD3-B72D-47B6-A68D-7590B98EB39B}
		{E0666733-F52A-430F-B651-D18F386FC2B6} = {0AB3BF05-4346-4AA6-1389-037BE0695223}
		{84E0F0EE-B6DA-44DD-9D71-55DA4598EF2E} = {827E0CD3-B72D-47B6-A68D-7590B98EB39B}
	EndGlobalSection
	GlobalSection(ExtensibilityGlobals) = postSolution
		SolutionGuid = {C6CB19F0-06F7-4FF8-93B0-BF247D09D6A2}
	EndGlobalSection
EndGlobal
